// !$*UTF8*$!
{
	archiveVersion = 1;
	classes = {
	};
	objectVersion = 46;
	objects = {

/* Begin PBXBuildFile section */
		1306CD421D85A963006E162D /* AppDelegate.swift in Sources */ = {isa = PBXBuildFile; fileRef = 1306CD411D85A963006E162D /* AppDelegate.swift */; };
		1306CD441D85A963006E162D /* ViewController.swift in Sources */ = {isa = PBXBuildFile; fileRef = 1306CD431D85A963006E162D /* ViewController.swift */; };
		1306CD471D85A963006E162D /* Main.storyboard in Resources */ = {isa = PBXBuildFile; fileRef = 1306CD451D85A963006E162D /* Main.storyboard */; };
		1306CD491D85A963006E162D /* Assets.xcassets in Resources */ = {isa = PBXBuildFile; fileRef = 1306CD481D85A963006E162D /* Assets.xcassets */; };
		1306CD4C1D85A963006E162D /* LaunchScreen.storyboard in Resources */ = {isa = PBXBuildFile; fileRef = 1306CD4A1D85A963006E162D /* LaunchScreen.storyboard */; };
		1306CD571D85A963006E162D /* FactoryTests.swift in Sources */ = {isa = PBXBuildFile; fileRef = 1306CD561D85A963006E162D /* FactoryTests.swift */; };
		1306CD621D85A963006E162D /* FactoryUITests.swift in Sources */ = {isa = PBXBuildFile; fileRef = 1306CD611D85A963006E162D /* FactoryUITests.swift */; };
		1306CD711D85AC34006E162D /* FieldsContainer.swift in Sources */ = {isa = PBXBuildFile; fileRef = 1306CD701D85AC34006E162D /* FieldsContainer.swift */; };
		1306CD731D85ACF3006E162D /* FieldBeanModel.swift in Sources */ = {isa = PBXBuildFile; fileRef = 1306CD721D85ACF3006E162D /* FieldBeanModel.swift */; };
		1306CD751D85B31D006E162D /* ActionContainer.swift in Sources */ = {isa = PBXBuildFile; fileRef = 1306CD741D85B31D006E162D /* ActionContainer.swift */; };
		1306CD771D85B47A006E162D /* ClienteBean.swift in Sources */ = {isa = PBXBuildFile; fileRef = 1306CD761D85B47A006E162D /* ClienteBean.swift */; };
		1306CD791D85B8E4006E162D /* ValidatorContainer.swift in Sources */ = {isa = PBXBuildFile; fileRef = 1306CD781D85B8E4006E162D /* ValidatorContainer.swift */; };
		1306CD7E1D85BC07006E162D /* TextFieldExtension.swift in Sources */ = {isa = PBXBuildFile; fileRef = 1306CD7D1D85BC07006E162D /* TextFieldExtension.swift */; };
		1306CD801D85BD83006E162D /* FieldFactory.swift in Sources */ = {isa = PBXBuildFile; fileRef = 1306CD7F1D85BD83006E162D /* FieldFactory.swift */; };
		1306CD821D85C6A5006E162D /* RegistrationButton.swift in Sources */ = {isa = PBXBuildFile; fileRef = 1306CD811D85C6A5006E162D /* RegistrationButton.swift */; };
		1306CD841D85C6F1006E162D /* RegistrationTextField.swift in Sources */ = {isa = PBXBuildFile; fileRef = 1306CD831D85C6F1006E162D /* RegistrationTextField.swift */; };
		F639338F72E14C94EA1191EB /* Pods_Factory.framework in Frameworks */ = {isa = PBXBuildFile; fileRef = 28C0B0FE3536034656487A92 /* Pods_Factory.framework */; };
/* End PBXBuildFile section */

/* Begin PBXContainerItemProxy section */
		1306CD531D85A963006E162D /* PBXContainerItemProxy */ = {
			isa = PBXContainerItemProxy;
			containerPortal = 1306CD361D85A963006E162D /* Project object */;
			proxyType = 1;
			remoteGlobalIDString = 1306CD3D1D85A963006E162D;
			remoteInfo = Factory;
		};
		1306CD5E1D85A963006E162D /* PBXContainerItemProxy */ = {
			isa = PBXContainerItemProxy;
			containerPortal = 1306CD361D85A963006E162D /* Project object */;
			proxyType = 1;
			remoteGlobalIDString = 1306CD3D1D85A963006E162D;
			remoteInfo = Factory;
		};
/* End PBXContainerItemProxy section */

/* Begin PBXFileReference section */
		1306CD3E1D85A963006E162D /* Factory.app */ = {isa = PBXFileReference; explicitFileType = wrapper.application; includeInIndex = 0; path = Factory.app; sourceTree = BUILT_PRODUCTS_DIR; };
		1306CD411D85A963006E162D /* AppDelegate.swift */ = {isa = PBXFileReference; lastKnownFileType = sourcecode.swift; path = AppDelegate.swift; sourceTree = "<group>"; };
		1306CD431D85A963006E162D /* ViewController.swift */ = {isa = PBXFileReference; lastKnownFileType = sourcecode.swift; path = ViewController.swift; sourceTree = "<group>"; };
		1306CD461D85A963006E162D /* Base */ = {isa = PBXFileReference; lastKnownFileType = file.storyboard; name = Base; path = Base.lproj/Main.storyboard; sourceTree = "<group>"; };
		1306CD481D85A963006E162D /* Assets.xcassets */ = {isa = PBXFileReference; lastKnownFileType = folder.assetcatalog; path = Assets.xcassets; sourceTree = "<group>"; };
		1306CD4B1D85A963006E162D /* Base */ = {isa = PBXFileReference; lastKnownFileType = file.storyboard; name = Base; path = Base.lproj/LaunchScreen.storyboard; sourceTree = "<group>"; };
		1306CD4D1D85A963006E162D /* Info.plist */ = {isa = PBXFileReference; lastKnownFileType = text.plist.xml; path = Info.plist; sourceTree = "<group>"; };
		1306CD521D85A963006E162D /* FactoryTests.xctest */ = {isa = PBXFileReference; explicitFileType = wrapper.cfbundle; includeInIndex = 0; path = FactoryTests.xctest; sourceTree = BUILT_PRODUCTS_DIR; };
		1306CD561D85A963006E162D /* FactoryTests.swift */ = {isa = PBXFileReference; lastKnownFileType = sourcecode.swift; path = FactoryTests.swift; sourceTree = "<group>"; };
		1306CD581D85A963006E162D /* Info.plist */ = {isa = PBXFileReference; lastKnownFileType = text.plist.xml; path = Info.plist; sourceTree = "<group>"; };
		1306CD5D1D85A963006E162D /* FactoryUITests.xctest */ = {isa = PBXFileReference; explicitFileType = wrapper.cfbundle; includeInIndex = 0; path = FactoryUITests.xctest; sourceTree = BUILT_PRODUCTS_DIR; };
		1306CD611D85A963006E162D /* FactoryUITests.swift */ = {isa = PBXFileReference; lastKnownFileType = sourcecode.swift; path = FactoryUITests.swift; sourceTree = "<group>"; };
		1306CD631D85A963006E162D /* Info.plist */ = {isa = PBXFileReference; lastKnownFileType = text.plist.xml; path = Info.plist; sourceTree = "<group>"; };
		1306CD701D85AC34006E162D /* FieldsContainer.swift */ = {isa = PBXFileReference; fileEncoding = 4; lastKnownFileType = sourcecode.swift; path = FieldsContainer.swift; sourceTree = "<group>"; };
		1306CD721D85ACF3006E162D /* FieldBeanModel.swift */ = {isa = PBXFileReference; fileEncoding = 4; lastKnownFileType = sourcecode.swift; path = FieldBeanModel.swift; sourceTree = "<group>"; };
		1306CD741D85B31D006E162D /* ActionContainer.swift */ = {isa = PBXFileReference; fileEncoding = 4; lastKnownFileType = sourcecode.swift; path = ActionContainer.swift; sourceTree = "<group>"; };
		1306CD761D85B47A006E162D /* ClienteBean.swift */ = {isa = PBXFileReference; fileEncoding = 4; lastKnownFileType = sourcecode.swift; path = ClienteBean.swift; sourceTree = "<group>"; };
		1306CD781D85B8E4006E162D /* ValidatorContainer.swift */ = {isa = PBXFileReference; fileEncoding = 4; lastKnownFileType = sourcecode.swift; path = ValidatorContainer.swift; sourceTree = "<group>"; };
		1306CD7D1D85BC07006E162D /* TextFieldExtension.swift */ = {isa = PBXFileReference; fileEncoding = 4; lastKnownFileType = sourcecode.swift; path = TextFieldExtension.swift; sourceTree = "<group>"; };
		1306CD7F1D85BD83006E162D /* FieldFactory.swift */ = {isa = PBXFileReference; fileEncoding = 4; lastKnownFileType = sourcecode.swift; path = FieldFactory.swift; sourceTree = "<group>"; };
		1306CD811D85C6A5006E162D /* RegistrationButton.swift */ = {isa = PBXFileReference; fileEncoding = 4; lastKnownFileType = sourcecode.swift; path = RegistrationButton.swift; sourceTree = "<group>"; };
		1306CD831D85C6F1006E162D /* RegistrationTextField.swift */ = {isa = PBXFileReference; fileEncoding = 4; lastKnownFileType = sourcecode.swift; path = RegistrationTextField.swift; sourceTree = "<group>"; };
		28C0B0FE3536034656487A92 /* Pods_Factory.framework */ = {isa = PBXFileReference; explicitFileType = wrapper.framework; includeInIndex = 0; path = Pods_Factory.framework; sourceTree = BUILT_PRODUCTS_DIR; };
		63F5162A3507F8D1D903D08D /* Pods-Factory.debug.xcconfig */ = {isa = PBXFileReference; includeInIndex = 1; lastKnownFileType = text.xcconfig; name = "Pods-Factory.debug.xcconfig"; path = "Pods/Target Support Files/Pods-Factory/Pods-Factory.debug.xcconfig"; sourceTree = "<group>"; };
		CF84E6724C5BCB53C94847D1 /* Pods-Factory.release.xcconfig */ = {isa = PBXFileReference; includeInIndex = 1; lastKnownFileType = text.xcconfig; name = "Pods-Factory.release.xcconfig"; path = "Pods/Target Support Files/Pods-Factory/Pods-Factory.release.xcconfig"; sourceTree = "<group>"; };
/* End PBXFileReference section */

/* Begin PBXFrameworksBuildPhase section */
		1306CD3B1D85A963006E162D /* Frameworks */ = {
			isa = PBXFrameworksBuildPhase;
			buildActionMask = 2147483647;
			files = (
				F639338F72E14C94EA1191EB /* Pods_Factory.framework in Frameworks */,
			);
			runOnlyForDeploymentPostprocessing = 0;
		};
		1306CD4F1D85A963006E162D /* Frameworks */ = {
			isa = PBXFrameworksBuildPhase;
			buildActionMask = 2147483647;
			files = (
			);
			runOnlyForDeploymentPostprocessing = 0;
		};
		1306CD5A1D85A963006E162D /* Frameworks */ = {
			isa = PBXFrameworksBuildPhase;
			buildActionMask = 2147483647;
			files = (
			);
			runOnlyForDeploymentPostprocessing = 0;
		};
/* End PBXFrameworksBuildPhase section */

/* Begin PBXGroup section */
		1306CD351D85A963006E162D = {
			isa = PBXGroup;
			children = (
				1306CD401D85A963006E162D /* Components */,
				1306CD551D85A963006E162D /* FactoryTests */,
				1306CD601D85A963006E162D /* FactoryUITests */,
				1306CD3F1D85A963006E162D /* Products */,
				2341C92DF18008C58F0E479A /* Pods */,
				C9090B633A237744A9B8D99E /* Frameworks */,
			);
			sourceTree = "<group>";
		};
		1306CD3F1D85A963006E162D /* Products */ = {
			isa = PBXGroup;
			children = (
				1306CD3E1D85A963006E162D /* Factory.app */,
				1306CD521D85A963006E162D /* FactoryTests.xctest */,
				1306CD5D1D85A963006E162D /* FactoryUITests.xctest */,
			);
			name = Products;
			sourceTree = "<group>";
		};
		1306CD401D85A963006E162D /* Components */ = {
			isa = PBXGroup;
			children = (
				1306CD7C1D85BBE2006E162D /* Blocks */,
				1306CD6F1D85AB7C006E162D /* Model */,
				1306CD7A1D85B9B1006E162D /* Container */,
				1306CD7B1D85BAE3006E162D /* Controller */,
				1306CD7F1D85BD83006E162D /* FieldFactory.swift */,
				1306CD411D85A963006E162D /* AppDelegate.swift */,
				1306CD451D85A963006E162D /* Main.storyboard */,
				1306CD481D85A963006E162D /* Assets.xcassets */,
				1306CD4A1D85A963006E162D /* LaunchScreen.storyboard */,
				1306CD4D1D85A963006E162D /* Info.plist */,
			);
			name = Components;
			path = Factory;
			sourceTree = "<group>";
		};
		1306CD551D85A963006E162D /* FactoryTests */ = {
			isa = PBXGroup;
			children = (
				1306CD561D85A963006E162D /* FactoryTests.swift */,
				1306CD581D85A963006E162D /* Info.plist */,
			);
			path = FactoryTests;
			sourceTree = "<group>";
		};
		1306CD601D85A963006E162D /* FactoryUITests */ = {
			isa = PBXGroup;
			children = (
				1306CD611D85A963006E162D /* FactoryUITests.swift */,
				1306CD631D85A963006E162D /* Info.plist */,
			);
			path = FactoryUITests;
			sourceTree = "<group>";
		};
		1306CD6F1D85AB7C006E162D /* Model */ = {
			isa = PBXGroup;
			children = (
				1306CD761D85B47A006E162D /* ClienteBean.swift */,
				1306CD721D85ACF3006E162D /* FieldBeanModel.swift */,
			);
			name = Model;
			sourceTree = "<group>";
		};
		1306CD7A1D85B9B1006E162D /* Container */ = {
			isa = PBXGroup;
			children = (
				1306CD701D85AC34006E162D /* FieldsContainer.swift */,
				1306CD741D85B31D006E162D /* ActionContainer.swift */,
				1306CD781D85B8E4006E162D /* ValidatorContainer.swift */,
			);
			name = Container;
			sourceTree = "<group>";
		};
		1306CD7B1D85BAE3006E162D /* Controller */ = {
			isa = PBXGroup;
			children = (
				1306CD431D85A963006E162D /* ViewController.swift */,
			);
			name = Controller;
			sourceTree = "<group>";
		};
		1306CD7C1D85BBE2006E162D /* Blocks */ = {
			isa = PBXGroup;
			children = (
				1306CD7D1D85BC07006E162D /* TextFieldExtension.swift */,
				1306CD811D85C6A5006E162D /* RegistrationButton.swift */,
				1306CD831D85C6F1006E162D /* RegistrationTextField.swift */,
			);
			name = Blocks;
			sourceTree = "<group>";
		};
		2341C92DF18008C58F0E479A /* Pods */ = {
			isa = PBXGroup;
			children = (
				63F5162A3507F8D1D903D08D /* Pods-Factory.debug.xcconfig */,
				CF84E6724C5BCB53C94847D1 /* Pods-Factory.release.xcconfig */,
			);
			name = Pods;
			sourceTree = "<group>";
		};
		C9090B633A237744A9B8D99E /* Frameworks */ = {
			isa = PBXGroup;
			children = (
				28C0B0FE3536034656487A92 /* Pods_Factory.framework */,
			);
			name = Frameworks;
			sourceTree = "<group>";
		};
/* End PBXGroup section */

/* Begin PBXNativeTarget section */
		1306CD3D1D85A963006E162D /* Factory */ = {
			isa = PBXNativeTarget;
			buildConfigurationList = 1306CD661D85A963006E162D /* Build configuration list for PBXNativeTarget "Factory" */;
			buildPhases = (
				EB46CA722468A4A9E5F925F4 /* 📦 Check Pods Manifest.lock */,
				1306CD3A1D85A963006E162D /* Sources */,
				1306CD3B1D85A963006E162D /* Frameworks */,
				1306CD3C1D85A963006E162D /* Resources */,
				38E90880B01433C692758F71 /* 📦 Embed Pods Frameworks */,
				83734C17AC3F50D9385E2C38 /* 📦 Copy Pods Resources */,
			);
			buildRules = (
			);
			dependencies = (
			);
			name = Factory;
			productName = Factory;
			productReference = 1306CD3E1D85A963006E162D /* Factory.app */;
			productType = "com.apple.product-type.application";
		};
		1306CD511D85A963006E162D /* FactoryTests */ = {
			isa = PBXNativeTarget;
			buildConfigurationList = 1306CD691D85A963006E162D /* Build configuration list for PBXNativeTarget "FactoryTests" */;
			buildPhases = (
				1306CD4E1D85A963006E162D /* Sources */,
				1306CD4F1D85A963006E162D /* Frameworks */,
				1306CD501D85A963006E162D /* Resources */,
			);
			buildRules = (
			);
			dependencies = (
				1306CD541D85A963006E162D /* PBXTargetDependency */,
			);
			name = FactoryTests;
			productName = FactoryTests;
			productReference = 1306CD521D85A963006E162D /* FactoryTests.xctest */;
			productType = "com.apple.product-type.bundle.unit-test";
		};
		1306CD5C1D85A963006E162D /* FactoryUITests */ = {
			isa = PBXNativeTarget;
			buildConfigurationList = 1306CD6C1D85A963006E162D /* Build configuration list for PBXNativeTarget "FactoryUITests" */;
			buildPhases = (
				1306CD591D85A963006E162D /* Sources */,
				1306CD5A1D85A963006E162D /* Frameworks */,
				1306CD5B1D85A963006E162D /* Resources */,
			);
			buildRules = (
			);
			dependencies = (
				1306CD5F1D85A963006E162D /* PBXTargetDependency */,
			);
			name = FactoryUITests;
			productName = FactoryUITests;
			productReference = 1306CD5D1D85A963006E162D /* FactoryUITests.xctest */;
			productType = "com.apple.product-type.bundle.ui-testing";
		};
/* End PBXNativeTarget section */

/* Begin PBXProject section */
		1306CD361D85A963006E162D /* Project object */ = {
			isa = PBXProject;
			attributes = {
				LastSwiftUpdateCheck = 0720;
				LastUpgradeCheck = 0720;
				ORGANIZATIONNAME = cookedhouse;
				TargetAttributes = {
					1306CD3D1D85A963006E162D = {
						CreatedOnToolsVersion = 7.2;
						DevelopmentTeam = DX3C8CCLKW;
						LastSwiftMigration = 0800;
					};
					1306CD511D85A963006E162D = {
						CreatedOnToolsVersion = 7.2;
						LastSwiftMigration = 0800;
						TestTargetID = 1306CD3D1D85A963006E162D;
					};
					1306CD5C1D85A963006E162D = {
						CreatedOnToolsVersion = 7.2;
						LastSwiftMigration = 0800;
						TestTargetID = 1306CD3D1D85A963006E162D;
					};
				};
			};
			buildConfigurationList = 1306CD391D85A963006E162D /* Build configuration list for PBXProject "Factory" */;
			compatibilityVersion = "Xcode 3.2";
			developmentRegion = English;
			hasScannedForEncodings = 0;
			knownRegions = (
				en,
				Base,
			);
			mainGroup = 1306CD351D85A963006E162D;
			productRefGroup = 1306CD3F1D85A963006E162D /* Products */;
			projectDirPath = "";
			projectRoot = "";
			targets = (
				1306CD3D1D85A963006E162D /* Factory */,
				1306CD511D85A963006E162D /* FactoryTests */,
				1306CD5C1D85A963006E162D /* FactoryUITests */,
			);
		};
/* End PBXProject section */

/* Begin PBXResourcesBuildPhase section */
		1306CD3C1D85A963006E162D /* Resources */ = {
			isa = PBXResourcesBuildPhase;
			buildActionMask = 2147483647;
			files = (
				1306CD4C1D85A963006E162D /* LaunchScreen.storyboard in Resources */,
				1306CD491D85A963006E162D /* Assets.xcassets in Resources */,
				1306CD471D85A963006E162D /* Main.storyboard in Resources */,
			);
			runOnlyForDeploymentPostprocessing = 0;
		};
		1306CD501D85A963006E162D /* Resources */ = {
			isa = PBXResourcesBuildPhase;
			buildActionMask = 2147483647;
			files = (
			);
			runOnlyForDeploymentPostprocessing = 0;
		};
		1306CD5B1D85A963006E162D /* Resources */ = {
			isa = PBXResourcesBuildPhase;
			buildActionMask = 2147483647;
			files = (
			);
			runOnlyForDeploymentPostprocessing = 0;
		};
/* End PBXResourcesBuildPhase section */

/* Begin PBXShellScriptBuildPhase section */
		38E90880B01433C692758F71 /* 📦 Embed Pods Frameworks */ = {
			isa = PBXShellScriptBuildPhase;
			buildActionMask = 2147483647;
			files = (
			);
			inputPaths = (
			);
			name = "📦 Embed Pods Frameworks";
			outputPaths = (
			);
			runOnlyForDeploymentPostprocessing = 0;
			shellPath = /bin/sh;
			shellScript = "\"${SRCROOT}/Pods/Target Support Files/Pods-Factory/Pods-Factory-frameworks.sh\"\n";
			showEnvVarsInLog = 0;
		};
		83734C17AC3F50D9385E2C38 /* 📦 Copy Pods Resources */ = {
			isa = PBXShellScriptBuildPhase;
			buildActionMask = 2147483647;
			files = (
			);
			inputPaths = (
			);
			name = "📦 Copy Pods Resources";
			outputPaths = (
			);
			runOnlyForDeploymentPostprocessing = 0;
			shellPath = /bin/sh;
			shellScript = "\"${SRCROOT}/Pods/Target Support Files/Pods-Factory/Pods-Factory-resources.sh\"\n";
			showEnvVarsInLog = 0;
		};
		EB46CA722468A4A9E5F925F4 /* 📦 Check Pods Manifest.lock */ = {
			isa = PBXShellScriptBuildPhase;
			buildActionMask = 2147483647;
			files = (
			);
			inputPaths = (
			);
			name = "📦 Check Pods Manifest.lock";
			outputPaths = (
			);
			runOnlyForDeploymentPostprocessing = 0;
			shellPath = /bin/sh;
			shellScript = "diff \"${PODS_ROOT}/../Podfile.lock\" \"${PODS_ROOT}/Manifest.lock\" > /dev/null\nif [[ $? != 0 ]] ; then\n    cat << EOM\nerror: The sandbox is not in sync with the Podfile.lock. Run 'pod install' or update your CocoaPods installation.\nEOM\n    exit 1\nfi\n";
			showEnvVarsInLog = 0;
		};
/* End PBXShellScriptBuildPhase section */

/* Begin PBXSourcesBuildPhase section */
		1306CD3A1D85A963006E162D /* Sources */ = {
			isa = PBXSourcesBuildPhase;
			buildActionMask = 2147483647;
			files = (
				1306CD821D85C6A5006E162D /* RegistrationButton.swift in Sources */,
				1306CD751D85B31D006E162D /* ActionContainer.swift in Sources */,
				1306CD841D85C6F1006E162D /* RegistrationTextField.swift in Sources */,
				1306CD7E1D85BC07006E162D /* TextFieldExtension.swift in Sources */,
				1306CD441D85A963006E162D /* ViewController.swift in Sources */,
				1306CD801D85BD83006E162D /* FieldFactory.swift in Sources */,
				1306CD771D85B47A006E162D /* ClienteBean.swift in Sources */,
				1306CD421D85A963006E162D /* AppDelegate.swift in Sources */,
				1306CD731D85ACF3006E162D /* FieldBeanModel.swift in Sources */,
				1306CD791D85B8E4006E162D /* ValidatorContainer.swift in Sources */,
				1306CD711D85AC34006E162D /* FieldsContainer.swift in Sources */,
			);
			runOnlyForDeploymentPostprocessing = 0;
		};
		1306CD4E1D85A963006E162D /* Sources */ = {
			isa = PBXSourcesBuildPhase;
			buildActionMask = 2147483647;
			files = (
				1306CD571D85A963006E162D /* FactoryTests.swift in Sources */,
			);
			runOnlyForDeploymentPostprocessing = 0;
		};
		1306CD591D85A963006E162D /* Sources */ = {
			isa = PBXSourcesBuildPhase;
			buildActionMask = 2147483647;
			files = (
				1306CD621D85A963006E162D /* FactoryUITests.swift in Sources */,
			);
			runOnlyForDeploymentPostprocessing = 0;
		};
/* End PBXSourcesBuildPhase section */

/* Begin PBXTargetDependency section */
		1306CD541D85A963006E162D /* PBXTargetDependency */ = {
			isa = PBXTargetDependency;
			target = 1306CD3D1D85A963006E162D /* Factory */;
			targetProxy = 1306CD531D85A963006E162D /* PBXContainerItemProxy */;
		};
		1306CD5F1D85A963006E162D /* PBXTargetDependency */ = {
			isa = PBXTargetDependency;
			target = 1306CD3D1D85A963006E162D /* Factory */;
			targetProxy = 1306CD5E1D85A963006E162D /* PBXContainerItemProxy */;
		};
/* End PBXTargetDependency section */

/* Begin PBXVariantGroup section */
		1306CD451D85A963006E162D /* Main.storyboard */ = {
			isa = PBXVariantGroup;
			children = (
				1306CD461D85A963006E162D /* Base */,
			);
			name = Main.storyboard;
			sourceTree = "<group>";
		};
		1306CD4A1D85A963006E162D /* LaunchScreen.storyboard */ = {
			isa = PBXVariantGroup;
			children = (
				1306CD4B1D85A963006E162D /* Base */,
			);
			name = LaunchScreen.storyboard;
			sourceTree = "<group>";
		};
/* End PBXVariantGroup section */

/* Begin XCBuildConfiguration section */
		1306CD641D85A963006E162D /* Debug */ = {
			isa = XCBuildConfiguration;
			buildSettings = {
				ALWAYS_SEARCH_USER_PATHS = NO;
				CLANG_CXX_LANGUAGE_STANDARD = "gnu++0x";
				CLANG_CXX_LIBRARY = "libc++";
				CLANG_ENABLE_MODULES = YES;
				CLANG_ENABLE_OBJC_ARC = YES;
				CLANG_WARN_BOOL_CONVERSION = YES;
				CLANG_WARN_CONSTANT_CONVERSION = YES;
				CLANG_WARN_DIRECT_OBJC_ISA_USAGE = YES_ERROR;
				CLANG_WARN_EMPTY_BODY = YES;
				CLANG_WARN_ENUM_CONVERSION = YES;
				CLANG_WARN_INT_CONVERSION = YES;
				CLANG_WARN_OBJC_ROOT_CLASS = YES_ERROR;
				CLANG_WARN_UNREACHABLE_CODE = YES;
				CLANG_WARN__DUPLICATE_METHOD_MATCH = YES;
				"CODE_SIGN_IDENTITY[sdk=iphoneos*]" = "iPhone Developer";
				COPY_PHASE_STRIP = NO;
				DEBUG_INFORMATION_FORMAT = dwarf;
				ENABLE_STRICT_OBJC_MSGSEND = YES;
				ENABLE_TESTABILITY = YES;
				GCC_C_LANGUAGE_STANDARD = gnu99;
				GCC_DYNAMIC_NO_PIC = NO;
				GCC_NO_COMMON_BLOCKS = YES;
				GCC_OPTIMIZATION_LEVEL = 0;
				GCC_PREPROCESSOR_DEFINITIONS = (
					"DEBUG=1",
					"$(inherited)",
				);
				GCC_WARN_64_TO_32_BIT_CONVERSION = YES;
				GCC_WARN_ABOUT_RETURN_TYPE = YES_ERROR;
				GCC_WARN_UNDECLARED_SELECTOR = YES;
				GCC_WARN_UNINITIALIZED_AUTOS = YES_AGGRESSIVE;
				GCC_WARN_UNUSED_FUNCTION = YES;
				GCC_WARN_UNUSED_VARIABLE = YES;
				IPHONEOS_DEPLOYMENT_TARGET = 9.2;
				MTL_ENABLE_DEBUG_INFO = YES;
				ONLY_ACTIVE_ARCH = YES;
				SDKROOT = iphoneos;
				SWIFT_OPTIMIZATION_LEVEL = "-Onone";
			};
			name = Debug;
		};
		1306CD651D85A963006E162D /* Release */ = {
			isa = XCBuildConfiguration;
			buildSettings = {
				ALWAYS_SEARCH_USER_PATHS = NO;
				CLANG_CXX_LANGUAGE_STANDARD = "gnu++0x";
				CLANG_CXX_LIBRARY = "libc++";
				CLANG_ENABLE_MODULES = YES;
				CLANG_ENABLE_OBJC_ARC = YES;
				CLANG_WARN_BOOL_CONVERSION = YES;
				CLANG_WARN_CONSTANT_CONVERSION = YES;
				CLANG_WARN_DIRECT_OBJC_ISA_USAGE = YES_ERROR;
				CLANG_WARN_EMPTY_BODY = YES;
				CLANG_WARN_ENUM_CONVERSION = YES;
				CLANG_WARN_INT_CONVERSION = YES;
				CLANG_WARN_OBJC_ROOT_CLASS = YES_ERROR;
				CLANG_WARN_UNREACHABLE_CODE = YES;
				CLANG_WARN__DUPLICATE_METHOD_MATCH = YES;
				"CODE_SIGN_IDENTITY[sdk=iphoneos*]" = "iPhone Developer";
				COPY_PHASE_STRIP = NO;
				DEBUG_INFORMATION_FORMAT = "dwarf-with-dsym";
				ENABLE_NS_ASSERTIONS = NO;
				ENABLE_STRICT_OBJC_MSGSEND = YES;
				GCC_C_LANGUAGE_STANDARD = gnu99;
				GCC_NO_COMMON_BLOCKS = YES;
				GCC_WARN_64_TO_32_BIT_CONVERSION = YES;
				GCC_WARN_ABOUT_RETURN_TYPE = YES_ERROR;
				GCC_WARN_UNDECLARED_SELECTOR = YES;
				GCC_WARN_UNINITIALIZED_AUTOS = YES_AGGRESSIVE;
				GCC_WARN_UNUSED_FUNCTION = YES;
				GCC_WARN_UNUSED_VARIABLE = YES;
				IPHONEOS_DEPLOYMENT_TARGET = 9.2;
				MTL_ENABLE_DEBUG_INFO = NO;
				SDKROOT = iphoneos;
				VALIDATE_PRODUCT = YES;
			};
			name = Release;
		};
		1306CD671D85A963006E162D /* Debug */ = {
			isa = XCBuildConfiguration;
			baseConfigurationReference = 63F5162A3507F8D1D903D08D /* Pods-Factory.debug.xcconfig */;
			buildSettings = {
				ASSETCATALOG_COMPILER_APPICON_NAME = AppIcon;
				DEVELOPMENT_TEAM = DX3C8CCLKW;
				INFOPLIST_FILE = Factory/Info.plist;
				LD_RUNPATH_SEARCH_PATHS = "$(inherited) @executable_path/Frameworks";
				PRODUCT_BUNDLE_IDENTIFIER = cooked.soft.Factory;
				PRODUCT_NAME = "$(TARGET_NAME)";
				SWIFT_VERSION = 2.3;
			};
			name = Debug;
		};
		1306CD681D85A963006E162D /* Release */ = {
			isa = XCBuildConfiguration;
			baseConfigurationReference = CF84E6724C5BCB53C94847D1 /* Pods-Factory.release.xcconfig */;
			buildSettings = {
				ASSETCATALOG_COMPILER_APPICON_NAME = AppIcon;
				DEVELOPMENT_TEAM = DX3C8CCLKW;
				INFOPLIST_FILE = Factory/Info.plist;
				LD_RUNPATH_SEARCH_PATHS = "$(inherited) @executable_path/Frameworks";
				PRODUCT_BUNDLE_IDENTIFIER = cooked.soft.Factory;
				PRODUCT_NAME = "$(TARGET_NAME)";
				SWIFT_VERSION = 2.3;
			};
			name = Release;
		};
		1306CD6A1D85A963006E162D /* Debug */ = {
			isa = XCBuildConfiguration;
			buildSettings = {
				BUNDLE_LOADER = "$(TEST_HOST)";
				INFOPLIST_FILE = FactoryTests/Info.plist;
				LD_RUNPATH_SEARCH_PATHS = "$(inherited) @executable_path/Frameworks @loader_path/Frameworks";
				PRODUCT_BUNDLE_IDENTIFIER = cooked.soft.FactoryTests;
				PRODUCT_NAME = "$(TARGET_NAME)";
				SWIFT_VERSION = 2.3;
				TEST_HOST = "$(BUILT_PRODUCTS_DIR)/Factory.app/Factory";
			};
			name = Debug;
		};
		1306CD6B1D85A963006E162D /* Release */ = {
			isa = XCBuildConfiguration;
			buildSettings = {
				BUNDLE_LOADER = "$(TEST_HOST)";
				INFOPLIST_FILE = FactoryTests/Info.plist;
				LD_RUNPATH_SEARCH_PATHS = "$(inherited) @executable_path/Frameworks @loader_path/Frameworks";
				PRODUCT_BUNDLE_IDENTIFIER = cooked.soft.FactoryTests;
				PRODUCT_NAME = "$(TARGET_NAME)";
				SWIFT_VERSION = 2.3;
				TEST_HOST = "$(BUILT_PRODUCTS_DIR)/Factory.app/Factory";
			};
			name = Release;
		};
		1306CD6D1D85A963006E162D /* Debug */ = {
			isa = XCBuildConfiguration;
			buildSettings = {
				INFOPLIST_FILE = FactoryUITests/Info.plist;
				LD_RUNPATH_SEARCH_PATHS = "$(inherited) @executable_path/Frameworks @loader_path/Frameworks";
				PRODUCT_BUNDLE_IDENTIFIER = cooked.soft.FactoryUITests;
				PRODUCT_NAME = "$(TARGET_NAME)";
				SWIFT_VERSION = 2.3;
				TEST_TARGET_NAME = Factory;
				USES_XCTRUNNER = YES;
			};
			name = Debug;
		};
		1306CD6E1D85A963006E162D /* Release */ = {
			isa = XCBuildConfiguration;
			buildSettings = {
				INFOPLIST_FILE = FactoryUITests/Info.plist;
				LD_RUNPATH_SEARCH_PATHS = "$(inherited) @executable_path/Frameworks @loader_path/Frameworks";
				PRODUCT_BUNDLE_IDENTIFIER = cooked.soft.FactoryUITests;
				PRODUCT_NAME = "$(TARGET_NAME)";
				SWIFT_VERSION = 2.3;
				TEST_TARGET_NAME = Factory;
				USES_XCTRUNNER = YES;
			};
			name = Release;
		};
/* End XCBuildConfiguration section */

/* Begin XCConfigurationList section */
		1306CD391D85A963006E162D /* Build configuration list for PBXProject "Factory" */ = {
			isa = XCConfigurationList;
			buildConfigurations = (
				1306CD641D85A963006E162D /* Debug */,
				1306CD651D85A963006E162D /* Release */,
			);
			defaultConfigurationIsVisible = 0;
			defaultConfigurationName = Release;
		};
		1306CD661D85A963006E162D /* Build configuration list for PBXNativeTarget "Factory" */ = {
			isa = XCConfigurationList;
			buildConfigurations = (
				1306CD671D85A963006E162D /* Debug */,
				1306CD681D85A963006E162D /* Release */,
			);
			defaultConfigurationIsVisible = 0;
			defaultConfigurationName = Release;
		};
		1306CD691D85A963006E162D /* Build configuration list for PBXNativeTarget "FactoryTests" */ = {
			isa = XCConfigurationList;
			buildConfigurations = (
				1306CD6A1D85A963006E162D /* Debug */,
				1306CD6B1D85A963006E162D /* Release */,
			);
			defaultConfigurationIsVisible = 0;
			defaultConfigurationName = Release;
		};
		1306CD6C1D85A963006E162D /* Build configuration list for PBXNativeTarget "FactoryUITests" */ = {
			isa = XCConfigurationList;
			buildConfigurations = (
				1306CD6D1D85A963006E162D /* Debug */,
				1306CD6E1D85A963006E162D /* Release */,
			);
			defaultConfigurationIsVisible = 0;
			defaultConfigurationName = Release;
		};
/* End XCConfigurationList section */
	};
	rootObject = 1306CD361D85A963006E162D /* Project object */;
}
